
Microsoft Visual Studio Solution File, Format Version 12.00
# Visual Studio Version 16
VisualStudioVersion = 16.0.29326.143
MinimumVisualStudioVersion = 10.0.40219.1
Project("{9A19103F-16F7-4668-BE54-9A1E7A4F7556}") = "Architecture.Sample.Expand", "Architecture.Sample.Expand\Architecture.Sample.Expand.csproj", "{C178DDD4-EC92-41A9-944D-5FE24549B0A0}"
EndProject
Global
	GlobalSection(SolutionConfigurationPlatforms) = preSolution
		Debug|Any CPU = Debug|Any CPU
		Release|Any CPU = Release|Any CPU
	EndGlobalSection
	GlobalSection(ProjectConfigurationPlatforms) = postSolution
		{C178DDD4-EC92-41A9-944D-5FE24549B0A0}.Debug|Any CPU.ActiveCfg = Debug|Any CPU
		{C178DDD4-EC92-41A9-944D-5FE24549B0A0}.Debug|Any CPU.Build.0 = Debug|Any CPU
		{C178DDD4-EC92-41A9-944D-5FE24549B0A0}.Release|Any CPU.ActiveCfg = Release|Any CPU
		{C178DDD4-EC92-41A9-944D-5FE24549B0A0}.Release|Any CPU.Build.0 = Release|Any CPU
	EndGlobalSection
	GlobalSection(SolutionProperties) = preSolution
		HideSolutionNode = FALSE
	EndGlobalSection
	GlobalSection(ExtensibilityGlobals) = postSolution
		SolutionGuid = {7C9122B9-DA23-4769-8962-C353CE6FC8E3}
	EndGlobalSection
EndGlobal
